
Microsoft Visual Studio Solution File, Format Version 12.00
# Visual Studio Version 17
VisualStudioVersion = 17.12.35527.113 d17.12
MinimumVisualStudioVersion = 10.0.40219.1
Project("{FAE04EC0-301F-11D3-BF4B-00C04F79EFBC}") = "ProjetoOficialVeiculos", "ProjetoOficialVeiculos\ProjetoOficialVeiculos.csproj", "{6DBD5B12-E687-4F45-8DCA-58B3FF0B7FDD}"
EndProject
Global
	GlobalSection(SolutionConfigurationPlatforms) = preSolution
		Debug|Any CPU = Debug|Any CPU
		Release|Any CPU = Release|Any CPU
	EndGlobalSection
	GlobalSection(ProjectConfigurationPlatforms) = postSolution
		{6DBD5B12-E687-4F45-8DCA-58B3FF0B7FDD}.Debug|Any CPU.ActiveCfg = Debug|Any CPU
		{6DBD5B12-E687-4F45-8DCA-58B3FF0B7FDD}.Debug|Any CPU.Build.0 = Debug|Any CPU
		{6DBD5B12-E687-4F45-8DCA-58B3FF0B7FDD}.Release|Any CPU.ActiveCfg = Release|Any CPU
		{6DBD5B12-E687-4F45-8DCA-58B3FF0B7FDD}.Release|Any CPU.Build.0 = Release|Any CPU
	EndGlobalSection
	GlobalSection(SolutionProperties) = preSolution
		HideSolutionNode = FALSE
	EndGlobalSection
EndGlobal
